
Microsoft Visual Studio Solution File, Format Version 12.00
# Visual Studio Version 16
VisualStudioVersion = 16.0.31025.194
MinimumVisualStudioVersion = 10.0.40219.1
Project("{9A19103F-16F7-4668-BE54-9A1E7A4F7556}") = "TranzactChallengePagesViews", "TranzactChallengePagesViews.csproj", "{2860E8F4-3B08-462E-8BEA-054E5AA6BB4E}"
EndProject
Project("{9A19103F-16F7-4668-BE54-9A1E7A4F7556}") = "TranzactChallengePagesViews.Service", "..\TranzactChallengePagesViews.Service\TranzactChallengePagesViews.Service.csproj", "{47F6D8B3-1A43-453A-9792-85AF75A76269}"
EndProject
Project("{9A19103F-16F7-4668-BE54-9A1E7A4F7556}") = "TranzactChallengePagesViews.Core", "..\TranzactChallengePagesViews.Domain\TranzactChallengePagesViews.Core.csproj", "{2B1D7D2C-CB54-41DA-9351-99F600B2AFF8}"
EndProject
Project("{9A19103F-16F7-4668-BE54-9A1E7A4F7556}") = "TranzactChallengePagesViews.Utils", "..\TranzactChallengePagesViews.Utils\TranzactChallengePagesViews.Utils.csproj", "{281212B6-A5BF-4BC5-ACAE-F6F8470D37A4}"
EndProject
Project("{FAE04EC0-301F-11D3-BF4B-00C04F79EFBC}") = "TranzactChallengePagesViews.Service.Tests", "..\TranzactChallengePagesViews.Service.Tests\TranzactChallengePagesViews.Service.Tests.csproj", "{2321E488-F889-4071-B624-947C94F92EF0}"
EndProject
Global
	GlobalSection(SolutionConfigurationPlatforms) = preSolution
		Debug|Any CPU = Debug|Any CPU
		Release|Any CPU = Release|Any CPU
	EndGlobalSection
	GlobalSection(ProjectConfigurationPlatforms) = postSolution
		{2860E8F4-3B08-462E-8BEA-054E5AA6BB4E}.Debug|Any CPU.ActiveCfg = Debug|Any CPU
		{2860E8F4-3B08-462E-8BEA-054E5AA6BB4E}.Debug|Any CPU.Build.0 = Debug|Any CPU
		{2860E8F4-3B08-462E-8BEA-054E5AA6BB4E}.Release|Any CPU.ActiveCfg = Release|Any CPU
		{2860E8F4-3B08-462E-8BEA-054E5AA6BB4E}.Release|Any CPU.Build.0 = Release|Any CPU
		{47F6D8B3-1A43-453A-9792-85AF75A76269}.Debug|Any CPU.ActiveCfg = Debug|Any CPU
		{47F6D8B3-1A43-453A-9792-85AF75A76269}.Debug|Any CPU.Build.0 = Debug|Any CPU
		{47F6D8B3-1A43-453A-9792-85AF75A76269}.Release|Any CPU.ActiveCfg = Release|Any CPU
		{47F6D8B3-1A43-453A-9792-85AF75A76269}.Release|Any CPU.Build.0 = Release|Any CPU
		{2B1D7D2C-CB54-41DA-9351-99F600B2AFF8}.Debug|Any CPU.ActiveCfg = Debug|Any CPU
		{2B1D7D2C-CB54-41DA-9351-99F600B2AFF8}.Debug|Any CPU.Build.0 = Debug|Any CPU
		{2B1D7D2C-CB54-41DA-9351-99F600B2AFF8}.Release|Any CPU.ActiveCfg = Release|Any CPU
		{2B1D7D2C-CB54-41DA-9351-99F600B2AFF8}.Release|Any CPU.Build.0 = Release|Any CPU
		{281212B6-A5BF-4BC5-ACAE-F6F8470D37A4}.Debug|Any CPU.ActiveCfg = Debug|Any CPU
		{281212B6-A5BF-4BC5-ACAE-F6F8470D37A4}.Debug|Any CPU.Build.0 = Debug|Any CPU
		{281212B6-A5BF-4BC5-ACAE-F6F8470D37A4}.Release|Any CPU.ActiveCfg = Release|Any CPU
		{281212B6-A5BF-4BC5-ACAE-F6F8470D37A4}.Release|Any CPU.Build.0 = Release|Any CPU
		{2321E488-F889-4071-B624-947C94F92EF0}.Debug|Any CPU.ActiveCfg = Debug|Any CPU
		{2321E488-F889-4071-B624-947C94F92EF0}.Debug|Any CPU.Build.0 = Debug|Any CPU
		{2321E488-F889-4071-B624-947C94F92EF0}.Release|Any CPU.ActiveCfg = Release|Any CPU
		{2321E488-F889-4071-B624-947C94F92EF0}.Release|Any CPU.Build.0 = Release|Any CPU
	EndGlobalSection
	GlobalSection(SolutionProperties) = preSolution
		HideSolutionNode = FALSE
	EndGlobalSection
	GlobalSection(ExtensibilityGlobals) = postSolution
		SolutionGuid = {ADC4E647-A96E-4C84-967D-39B23DCF7344}
	EndGlobalSection
EndGlobal
